
Microsoft Visual Studio Solution File, Format Version 12.00
# Visual Studio Version 17
VisualStudioVersion = 17.6.33801.468
MinimumVisualStudioVersion = 10.0.40219.1
Project("{FAE04EC0-301F-11D3-BF4B-00C04F79EFBC}") = "Sort przez wybieranie", "Sort przez wybieranie\Sort przez wybieranie.csproj", "{98B7D17D-B85E-441C-BFDA-17EACE7F065C}"
EndProject
Global
	GlobalSection(SolutionConfigurationPlatforms) = preSolution
		Debug|Any CPU = Debug|Any CPU
		Release|Any CPU = Release|Any CPU
	EndGlobalSection
	GlobalSection(ProjectConfigurationPlatforms) = postSolution
		{98B7D17D-B85E-441C-BFDA-17EACE7F065C}.Debug|Any CPU.ActiveCfg = Debug|Any CPU
		{98B7D17D-B85E-441C-BFDA-17EACE7F065C}.Debug|Any CPU.Build.0 = Debug|Any CPU
		{98B7D17D-B85E-441C-BFDA-17EACE7F065C}.Release|Any CPU.ActiveCfg = Release|Any CPU
		{98B7D17D-B85E-441C-BFDA-17EACE7F065C}.Release|Any CPU.Build.0 = Release|Any CPU
	EndGlobalSection
	GlobalSection(SolutionProperties) = preSolution
		HideSolutionNode = FALSE
	EndGlobalSection
	GlobalSection(ExtensibilityGlobals) = postSolution
		SolutionGuid = {AD6CB648-2D46-414E-A666-049932801D07}
	EndGlobalSection
EndGlobal
